// !$*UTF8*$!
{
	archiveVersion = 1;
	classes = {
	};
	objectVersion = 50;
	objects = {

/* Begin PBXBuildFile section */
		B626BC3C21BEE7670054564C /* StudentLocationTableViewController.swift in Sources */ = {isa = PBXBuildFile; fileRef = B626BC3B21BEE7670054564C /* StudentLocationTableViewController.swift */; };
		B6393F2F21DEBBB600D6E8DC /* UdacityConstant.swift in Sources */ = {isa = PBXBuildFile; fileRef = B6393F2E21DEBBB600D6E8DC /* UdacityConstant.swift */; };
		B6393F3121DECDE400D6E8DC /* ParseClient.swift in Sources */ = {isa = PBXBuildFile; fileRef = B6393F3021DECDE400D6E8DC /* ParseClient.swift */; };
		B6393F3321DECE2400D6E8DC /* ParseConvenience.swift in Sources */ = {isa = PBXBuildFile; fileRef = B6393F3221DECE2400D6E8DC /* ParseConvenience.swift */; };
		B67F959D21B6FEEC00FEA5C9 /* AppDelegate.swift in Sources */ = {isa = PBXBuildFile; fileRef = B67F959C21B6FEEC00FEA5C9 /* AppDelegate.swift */; };
		B67F959F21B6FEEC00FEA5C9 /* LoginViewController.swift in Sources */ = {isa = PBXBuildFile; fileRef = B67F959E21B6FEEC00FEA5C9 /* LoginViewController.swift */; };
		B67F95A221B6FEEC00FEA5C9 /* Main.storyboard in Resources */ = {isa = PBXBuildFile; fileRef = B67F95A021B6FEEC00FEA5C9 /* Main.storyboard */; };
		B67F95A421B6FEED00FEA5C9 /* Assets.xcassets in Resources */ = {isa = PBXBuildFile; fileRef = B67F95A321B6FEED00FEA5C9 /* Assets.xcassets */; };
		B67F95A721B6FEED00FEA5C9 /* LaunchScreen.storyboard in Resources */ = {isa = PBXBuildFile; fileRef = B67F95A521B6FEED00FEA5C9 /* LaunchScreen.storyboard */; };
		B67F95AF21B7159000FEA5C9 /* GCDBlackBox.swift in Sources */ = {isa = PBXBuildFile; fileRef = B67F95AE21B7159000FEA5C9 /* GCDBlackBox.swift */; };
		B67F95B121B7159800FEA5C9 /* ParseConstants.swift in Sources */ = {isa = PBXBuildFile; fileRef = B67F95B021B7159800FEA5C9 /* ParseConstants.swift */; };
		B67F95B321B7171800FEA5C9 /* BorderedButton.swift in Sources */ = {isa = PBXBuildFile; fileRef = B67F95B221B7171800FEA5C9 /* BorderedButton.swift */; };
		B693F8A021C5832E00C5FAF2 /* FindLocationViewController.swift in Sources */ = {isa = PBXBuildFile; fileRef = B693F89F21C5832E00C5FAF2 /* FindLocationViewController.swift */; };
		B6E9D69821E059850019211B /* Extensions.swift in Sources */ = {isa = PBXBuildFile; fileRef = B6E9D69721E059850019211B /* Extensions.swift */; };
		B6E9D69D21E0E6080019211B /* StudentDataArray.swift in Sources */ = {isa = PBXBuildFile; fileRef = B6E9D69C21E0E6080019211B /* StudentDataArray.swift */; };
		B6F09D0521B85C5A00906DAD /* StudentLocation.swift in Sources */ = {isa = PBXBuildFile; fileRef = B6F09D0421B85C5A00906DAD /* StudentLocation.swift */; };
		B6F09D0721B85F1B00906DAD /* UdacityClient.swift in Sources */ = {isa = PBXBuildFile; fileRef = B6F09D0621B85F1B00906DAD /* UdacityClient.swift */; };
		B6F09D0921B8705100906DAD /* UdacityConvenience.swift in Sources */ = {isa = PBXBuildFile; fileRef = B6F09D0821B8705100906DAD /* UdacityConvenience.swift */; };
		B6F67E0421BBD003003821AE /* StudentLocationMapViewController.swift in Sources */ = {isa = PBXBuildFile; fileRef = B6F67E0321BBD003003821AE /* StudentLocationMapViewController.swift */; };
/* End PBXBuildFile section */

/* Begin PBXFileReference section */
		B626BC3B21BEE7670054564C /* StudentLocationTableViewController.swift */ = {isa = PBXFileReference; lastKnownFileType = sourcecode.swift; path = StudentLocationTableViewController.swift; sourceTree = "<group>"; };
		B6393F2E21DEBBB600D6E8DC /* UdacityConstant.swift */ = {isa = PBXFileReference; lastKnownFileType = sourcecode.swift; path = UdacityConstant.swift; sourceTree = "<group>"; };
		B6393F3021DECDE400D6E8DC /* ParseClient.swift */ = {isa = PBXFileReference; lastKnownFileType = sourcecode.swift; path = ParseClient.swift; sourceTree = "<group>"; };
		B6393F3221DECE2400D6E8DC /* ParseConvenience.swift */ = {isa = PBXFileReference; lastKnownFileType = sourcecode.swift; path = ParseConvenience.swift; sourceTree = "<group>"; };
		B67F959921B6FEEC00FEA5C9 /* OnTheMap.app */ = {isa = PBXFileReference; explicitFileType = wrapper.application; includeInIndex = 0; path = OnTheMap.app; sourceTree = BUILT_PRODUCTS_DIR; };
		B67F959C21B6FEEC00FEA5C9 /* AppDelegate.swift */ = {isa = PBXFileReference; lastKnownFileType = sourcecode.swift; path = AppDelegate.swift; sourceTree = "<group>"; };
		B67F959E21B6FEEC00FEA5C9 /* LoginViewController.swift */ = {isa = PBXFileReference; lastKnownFileType = sourcecode.swift; path = LoginViewController.swift; sourceTree = "<group>"; };
		B67F95A121B6FEEC00FEA5C9 /* Base */ = {isa = PBXFileReference; lastKnownFileType = file.storyboard; name = Base; path = Base.lproj/Main.storyboard; sourceTree = "<group>"; };
		B67F95A321B6FEED00FEA5C9 /* Assets.xcassets */ = {isa = PBXFileReference; lastKnownFileType = folder.assetcatalog; path = Assets.xcassets; sourceTree = "<group>"; };
		B67F95A621B6FEED00FEA5C9 /* Base */ = {isa = PBXFileReference; lastKnownFileType = file.storyboard; name = Base; path = Base.lproj/LaunchScreen.storyboard; sourceTree = "<group>"; };
		B67F95A821B6FEED00FEA5C9 /* Info.plist */ = {isa = PBXFileReference; lastKnownFileType = text.plist.xml; path = Info.plist; sourceTree = "<group>"; };
		B67F95AE21B7159000FEA5C9 /* GCDBlackBox.swift */ = {isa = PBXFileReference; fileEncoding = 4; lastKnownFileType = sourcecode.swift; path = GCDBlackBox.swift; sourceTree = "<group>"; };
		B67F95B021B7159800FEA5C9 /* ParseConstants.swift */ = {isa = PBXFileReference; fileEncoding = 4; lastKnownFileType = sourcecode.swift; path = ParseConstants.swift; sourceTree = "<group>"; };
		B67F95B221B7171800FEA5C9 /* BorderedButton.swift */ = {isa = PBXFileReference; fileEncoding = 4; lastKnownFileType = sourcecode.swift; path = BorderedButton.swift; sourceTree = "<group>"; };
		B693F89F21C5832E00C5FAF2 /* FindLocationViewController.swift */ = {isa = PBXFileReference; lastKnownFileType = sourcecode.swift; path = FindLocationViewController.swift; sourceTree = "<group>"; };
		B6E9D69721E059850019211B /* Extensions.swift */ = {isa = PBXFileReference; lastKnownFileType = sourcecode.swift; path = Extensions.swift; sourceTree = "<group>"; };
		B6E9D69C21E0E6080019211B /* StudentDataArray.swift */ = {isa = PBXFileReference; lastKnownFileType = sourcecode.swift; path = StudentDataArray.swift; sourceTree = "<group>"; };
		B6F09D0421B85C5A00906DAD /* StudentLocation.swift */ = {isa = PBXFileReference; lastKnownFileType = sourcecode.swift; path = StudentLocation.swift; sourceTree = "<group>"; };
		B6F09D0621B85F1B00906DAD /* UdacityClient.swift */ = {isa = PBXFileReference; lastKnownFileType = sourcecode.swift; path = UdacityClient.swift; sourceTree = "<group>"; };
		B6F09D0821B8705100906DAD /* UdacityConvenience.swift */ = {isa = PBXFileReference; lastKnownFileType = sourcecode.swift; path = UdacityConvenience.swift; sourceTree = "<group>"; };
		B6F67E0321BBD003003821AE /* StudentLocationMapViewController.swift */ = {isa = PBXFileReference; lastKnownFileType = sourcecode.swift; path = StudentLocationMapViewController.swift; sourceTree = "<group>"; };
/* End PBXFileReference section */

/* Begin PBXFrameworksBuildPhase section */
		B67F959621B6FEEC00FEA5C9 /* Frameworks */ = {
			isa = PBXFrameworksBuildPhase;
			buildActionMask = 2147483647;
			files = (
			);
			runOnlyForDeploymentPostprocessing = 0;
		};
/* End PBXFrameworksBuildPhase section */

/* Begin PBXGroup section */
		B6393F2B21DEB72000D6E8DC /* Parse */ = {
			isa = PBXGroup;
			children = (
				B67F95B021B7159800FEA5C9 /* ParseConstants.swift */,
				B6393F3021DECDE400D6E8DC /* ParseClient.swift */,
				B6393F3221DECE2400D6E8DC /* ParseConvenience.swift */,
			);
			path = Parse;
			sourceTree = "<group>";
		};
		B6393F2D21DEB77B00D6E8DC /* Udacity */ = {
			isa = PBXGroup;
			children = (
				B6F09D0821B8705100906DAD /* UdacityConvenience.swift */,
				B6F09D0621B85F1B00906DAD /* UdacityClient.swift */,
				B6393F2E21DEBBB600D6E8DC /* UdacityConstant.swift */,
			);
			path = Udacity;
			sourceTree = "<group>";
		};
		B67F959021B6FEEC00FEA5C9 = {
			isa = PBXGroup;
			children = (
				B67F959B21B6FEEC00FEA5C9 /* OnTheMap */,
				B67F959A21B6FEEC00FEA5C9 /* Products */,
			);
			sourceTree = "<group>";
		};
		B67F959A21B6FEEC00FEA5C9 /* Products */ = {
			isa = PBXGroup;
			children = (
				B67F959921B6FEEC00FEA5C9 /* OnTheMap.app */,
			);
			name = Products;
			sourceTree = "<group>";
		};
		B67F959B21B6FEEC00FEA5C9 /* OnTheMap */ = {
			isa = PBXGroup;
			children = (
				B67F959C21B6FEEC00FEA5C9 /* AppDelegate.swift */,
				B6E9D69A21E0AA3F0019211B /* Controllers */,
				B6E9D69B21E0AA6A0019211B /* Model */,
				B6393F2B21DEB72000D6E8DC /* Parse */,
				B6393F2D21DEB77B00D6E8DC /* Udacity */,
				B6E9D69921E0AA000019211B /* Helpers */,
				B67F95A021B6FEEC00FEA5C9 /* Main.storyboard */,
				B67F95A321B6FEED00FEA5C9 /* Assets.xcassets */,
				B67F95A521B6FEED00FEA5C9 /* LaunchScreen.storyboard */,
				B67F95A821B6FEED00FEA5C9 /* Info.plist */,
			);
			path = OnTheMap;
			sourceTree = "<group>";
		};
		B6E9D69921E0AA000019211B /* Helpers */ = {
			isa = PBXGroup;
			children = (
				B6E9D69721E059850019211B /* Extensions.swift */,
				B67F95B221B7171800FEA5C9 /* BorderedButton.swift */,
				B67F95AE21B7159000FEA5C9 /* GCDBlackBox.swift */,
			);
			path = Helpers;
			sourceTree = "<group>";
		};
		B6E9D69A21E0AA3F0019211B /* Controllers */ = {
			isa = PBXGroup;
			children = (
				B6F67E0321BBD003003821AE /* StudentLocationMapViewController.swift */,
				B626BC3B21BEE7670054564C /* StudentLocationTableViewController.swift */,
				B67F959E21B6FEEC00FEA5C9 /* LoginViewController.swift */,
				B693F89F21C5832E00C5FAF2 /* FindLocationViewController.swift */,
			);
			path = Controllers;
			sourceTree = "<group>";
		};
		B6E9D69B21E0AA6A0019211B /* Model */ = {
			isa = PBXGroup;
			children = (
				B6F09D0421B85C5A00906DAD /* StudentLocation.swift */,
				B6E9D69C21E0E6080019211B /* StudentDataArray.swift */,
			);
			path = Model;
			sourceTree = "<group>";
		};
/* End PBXGroup section */

/* Begin PBXNativeTarget section */
		B67F959821B6FEEC00FEA5C9 /* OnTheMap */ = {
			isa = PBXNativeTarget;
			buildConfigurationList = B67F95AB21B6FEED00FEA5C9 /* Build configuration list for PBXNativeTarget "OnTheMap" */;
			buildPhases = (
				B67F959521B6FEEC00FEA5C9 /* Sources */,
				B67F959621B6FEEC00FEA5C9 /* Frameworks */,
				B67F959721B6FEEC00FEA5C9 /* Resources */,
			);
			buildRules = (
			);
			dependencies = (
			);
			name = OnTheMap;
			productName = OnTheMap;
			productReference = B67F959921B6FEEC00FEA5C9 /* OnTheMap.app */;
			productType = "com.apple.product-type.application";
		};
/* End PBXNativeTarget section */

/* Begin PBXProject section */
		B67F959121B6FEEC00FEA5C9 /* Project object */ = {
			isa = PBXProject;
			attributes = {
				LastSwiftUpdateCheck = 1000;
				LastUpgradeCheck = 1000;
				ORGANIZATIONNAME = makramia;
				TargetAttributes = {
					B67F959821B6FEEC00FEA5C9 = {
						CreatedOnToolsVersion = 10.0;
					};
				};
			};
			buildConfigurationList = B67F959421B6FEEC00FEA5C9 /* Build configuration list for PBXProject "OnTheMap" */;
			compatibilityVersion = "Xcode 9.3";
			developmentRegion = en;
			hasScannedForEncodings = 0;
			knownRegions = (
				en,
				Base,
			);
			mainGroup = B67F959021B6FEEC00FEA5C9;
			productRefGroup = B67F959A21B6FEEC00FEA5C9 /* Products */;
			projectDirPath = "";
			projectRoot = "";
			targets = (
				B67F959821B6FEEC00FEA5C9 /* OnTheMap */,
			);
		};
/* End PBXProject section */

/* Begin PBXResourcesBuildPhase section */
		B67F959721B6FEEC00FEA5C9 /* Resources */ = {
			isa = PBXResourcesBuildPhase;
			buildActionMask = 2147483647;
			files = (
				B67F95A721B6FEED00FEA5C9 /* LaunchScreen.storyboard in Resources */,
				B67F95A421B6FEED00FEA5C9 /* Assets.xcassets in Resources */,
				B67F95A221B6FEEC00FEA5C9 /* Main.storyboard in Resources */,
			);
			runOnlyForDeploymentPostprocessing = 0;
		};
/* End PBXResourcesBuildPhase section */

/* Begin PBXSourcesBuildPhase section */
		B67F959521B6FEEC00FEA5C9 /* Sources */ = {
			isa = PBXSourcesBuildPhase;
			buildActionMask = 2147483647;
			files = (
				B6F09D0521B85C5A00906DAD /* StudentLocation.swift in Sources */,
				B6F67E0421BBD003003821AE /* StudentLocationMapViewController.swift in Sources */,
				B6393F3121DECDE400D6E8DC /* ParseClient.swift in Sources */,
				B6E9D69D21E0E6080019211B /* StudentDataArray.swift in Sources */,
				B6F09D0921B8705100906DAD /* UdacityConvenience.swift in Sources */,
				B67F95B321B7171800FEA5C9 /* BorderedButton.swift in Sources */,
				B626BC3C21BEE7670054564C /* StudentLocationTableViewController.swift in Sources */,
				B6F09D0721B85F1B00906DAD /* UdacityClient.swift in Sources */,
				B67F959F21B6FEEC00FEA5C9 /* LoginViewController.swift in Sources */,
				B67F95AF21B7159000FEA5C9 /* GCDBlackBox.swift in Sources */,
				B6393F3321DECE2400D6E8DC /* ParseConvenience.swift in Sources */,
				B6E9D69821E059850019211B /* Extensions.swift in Sources */,
				B67F959D21B6FEEC00FEA5C9 /* AppDelegate.swift in Sources */,
				B693F8A021C5832E00C5FAF2 /* FindLocationViewController.swift in Sources */,
				B67F95B121B7159800FEA5C9 /* ParseConstants.swift in Sources */,
				B6393F2F21DEBBB600D6E8DC /* UdacityConstant.swift in Sources */,
			);
			runOnlyForDeploymentPostprocessing = 0;
		};
/* End PBXSourcesBuildPhase section */

/* Begin PBXVariantGroup section */
		B67F95A021B6FEEC00FEA5C9 /* Main.storyboard */ = {
			isa = PBXVariantGroup;
			children = (
				B67F95A121B6FEEC00FEA5C9 /* Base */,
			);
			name = Main.storyboard;
			sourceTree = "<group>";
		};
		B67F95A521B6FEED00FEA5C9 /* LaunchScreen.storyboard */ = {
			isa = PBXVariantGroup;
			children = (
				B67F95A621B6FEED00FEA5C9 /* Base */,
			);
			name = LaunchScreen.storyboard;
			sourceTree = "<group>";
		};
/* End PBXVariantGroup section */

/* Begin XCBuildConfiguration section */
		B67F95A921B6FEED00FEA5C9 /* Debug */ = {
			isa = XCBuildConfiguration;
			buildSettings = {
				ALWAYS_SEARCH_USER_PATHS = NO;
				CLANG_ANALYZER_NONNULL = YES;
				CLANG_ANALYZER_NUMBER_OBJECT_CONVERSION = YES_AGGRESSIVE;
				CLANG_CXX_LANGUAGE_STANDARD = "gnu++14";
				CLANG_CXX_LIBRARY = "libc++";
				CLANG_ENABLE_MODULES = YES;
				CLANG_ENABLE_OBJC_ARC = YES;
				CLANG_ENABLE_OBJC_WEAK = YES;
				CLANG_WARN_BLOCK_CAPTURE_AUTORELEASING = YES;
				CLANG_WARN_BOOL_CONVERSION = YES;
				CLANG_WARN_COMMA = YES;
				CLANG_WARN_CONSTANT_CONVERSION = YES;
				CLANG_WARN_DEPRECATED_OBJC_IMPLEMENTATIONS = YES;
				CLANG_WARN_DIRECT_OBJC_ISA_USAGE = YES_ERROR;
				CLANG_WARN_DOCUMENTATION_COMMENTS = YES;
				CLANG_WARN_EMPTY_BODY = YES;
				CLANG_WARN_ENUM_CONVERSION = YES;
				CLANG_WARN_INFINITE_RECURSION = YES;
				CLANG_WARN_INT_CONVERSION = YES;
				CLANG_WARN_NON_LITERAL_NULL_CONVERSION = YES;
				CLANG_WARN_OBJC_IMPLICIT_RETAIN_SELF = YES;
				CLANG_WARN_OBJC_LITERAL_CONVERSION = YES;
				CLANG_WARN_OBJC_ROOT_CLASS = YES_ERROR;
				CLANG_WARN_RANGE_LOOP_ANALYSIS = YES;
				CLANG_WARN_STRICT_PROTOTYPES = YES;
				CLANG_WARN_SUSPICIOUS_MOVE = YES;
				CLANG_WARN_UNGUARDED_AVAILABILITY = YES_AGGRESSIVE;
				CLANG_WARN_UNREACHABLE_CODE = YES;
				CLANG_WARN__DUPLICATE_METHOD_MATCH = YES;
				CODE_SIGN_IDENTITY = "iPhone Developer";
				COPY_PHASE_STRIP = NO;
				DEBUG_INFORMATION_FORMAT = dwarf;
				ENABLE_STRICT_OBJC_MSGSEND = YES;
				ENABLE_TESTABILITY = YES;
				GCC_C_LANGUAGE_STANDARD = gnu11;
				GCC_DYNAMIC_NO_PIC = NO;
				GCC_NO_COMMON_BLOCKS = YES;
				GCC_OPTIMIZATION_LEVEL = 0;
				GCC_PREPROCESSOR_DEFINITIONS = (
					"DEBUG=1",
					"$(inherited)",
				);
				GCC_WARN_64_TO_32_BIT_CONVERSION = YES;
				GCC_WARN_ABOUT_RETURN_TYPE = YES_ERROR;
				GCC_WARN_UNDECLARED_SELECTOR = YES;
				GCC_WARN_UNINITIALIZED_AUTOS = YES_AGGRESSIVE;
				GCC_WARN_UNUSED_FUNCTION = YES;
				GCC_WARN_UNUSED_VARIABLE = YES;
				IPHONEOS_DEPLOYMENT_TARGET = 11.0;
				MTL_ENABLE_DEBUG_INFO = INCLUDE_SOURCE;
				MTL_FAST_MATH = YES;
				ONLY_ACTIVE_ARCH = YES;
				SDKROOT = iphoneos;
				SWIFT_ACTIVE_COMPILATION_CONDITIONS = DEBUG;
				SWIFT_OPTIMIZATION_LEVEL = "-Onone";
			};
			name = Debug;
		};
		B67F95AA21B6FEED00FEA5C9 /* Release */ = {
			isa = XCBuildConfiguration;
			buildSettings = {
				ALWAYS_SEARCH_USER_PATHS = NO;
				CLANG_ANALYZER_NONNULL = YES;
				CLANG_ANALYZER_NUMBER_OBJECT_CONVERSION = YES_AGGRESSIVE;
				CLANG_CXX_LANGUAGE_STANDARD = "gnu++14";
				CLANG_CXX_LIBRARY = "libc++";
				CLANG_ENABLE_MODULES = YES;
				CLANG_ENABLE_OBJC_ARC = YES;
				CLANG_ENABLE_OBJC_WEAK = YES;
				CLANG_WARN_BLOCK_CAPTURE_AUTORELEASING = YES;
				CLANG_WARN_BOOL_CONVERSION = YES;
				CLANG_WARN_COMMA = YES;
				CLANG_WARN_CONSTANT_CONVERSION = YES;
				CLANG_WARN_DEPRECATED_OBJC_IMPLEMENTATIONS = YES;
				CLANG_WARN_DIRECT_OBJC_ISA_USAGE = YES_ERROR;
				CLANG_WARN_DOCUMENTATION_COMMENTS = YES;
				CLANG_WARN_EMPTY_BODY = YES;
				CLANG_WARN_ENUM_CONVERSION = YES;
				CLANG_WARN_INFINITE_RECURSION = YES;
				CLANG_WARN_INT_CONVERSION = YES;
				CLANG_WARN_NON_LITERAL_NULL_CONVERSION = YES;
				CLANG_WARN_OBJC_IMPLICIT_RETAIN_SELF = YES;
				CLANG_WARN_OBJC_LITERAL_CONVERSION = YES;
				CLANG_WARN_OBJC_ROOT_CLASS = YES_ERROR;
				CLANG_WARN_RANGE_LOOP_ANALYSIS = YES;
				CLANG_WARN_STRICT_PROTOTYPES = YES;
				CLANG_WARN_SUSPICIOUS_MOVE = YES;
				CLANG_WARN_UNGUARDED_AVAILABILITY = YES_AGGRESSIVE;
				CLANG_WARN_UNREACHABLE_CODE = YES;
				CLANG_WARN__DUPLICATE_METHOD_MATCH = YES;
				CODE_SIGN_IDENTITY = "iPhone Developer";
				COPY_PHASE_STRIP = NO;
				DEBUG_INFORMATION_FORMAT = "dwarf-with-dsym";
				ENABLE_NS_ASSERTIONS = NO;
				ENABLE_STRICT_OBJC_MSGSEND = YES;
				GCC_C_LANGUAGE_STANDARD = gnu11;
				GCC_NO_COMMON_BLOCKS = YES;
				GCC_WARN_64_TO_32_BIT_CONVERSION = YES;
				GCC_WARN_ABOUT_RETURN_TYPE = YES_ERROR;
				GCC_WARN_UNDECLARED_SELECTOR = YES;
				GCC_WARN_UNINITIALIZED_AUTOS = YES_AGGRESSIVE;
				GCC_WARN_UNUSED_FUNCTION = YES;
				GCC_WARN_UNUSED_VARIABLE = YES;
				IPHONEOS_DEPLOYMENT_TARGET = 11.0;
				MTL_ENABLE_DEBUG_INFO = NO;
				MTL_FAST_MATH = YES;
				SDKROOT = iphoneos;
				SWIFT_COMPILATION_MODE = wholemodule;
				SWIFT_OPTIMIZATION_LEVEL = "-O";
				VALIDATE_PRODUCT = YES;
			};
			name = Release;
		};
		B67F95AC21B6FEED00FEA5C9 /* Debug */ = {
			isa = XCBuildConfiguration;
			buildSettings = {
				ASSETCATALOG_COMPILER_APPICON_NAME = AppIcon;
				CODE_SIGN_STYLE = Automatic;
				DEVELOPMENT_TEAM = DSXAUW4D6Y;
				INFOPLIST_FILE = OnTheMap/Info.plist;
				LD_RUNPATH_SEARCH_PATHS = (
					"$(inherited)",
					"@executable_path/Frameworks",
				);
				PRODUCT_BUNDLE_IDENTIFIER = com.makramia.OnTheMap;
				PRODUCT_NAME = "$(TARGET_NAME)";
				SWIFT_VERSION = 4.2;
				TARGETED_DEVICE_FAMILY = "1,2";
			};
			name = Debug;
		};
		B67F95AD21B6FEED00FEA5C9 /* Release */ = {
			isa = XCBuildConfiguration;
			buildSettings = {
				ASSETCATALOG_COMPILER_APPICON_NAME = AppIcon;
				CODE_SIGN_STYLE = Automatic;
				DEVELOPMENT_TEAM = DSXAUW4D6Y;
				INFOPLIST_FILE = OnTheMap/Info.plist;
				LD_RUNPATH_SEARCH_PATHS = (
					"$(inherited)",
					"@executable_path/Frameworks",
				);
				PRODUCT_BUNDLE_IDENTIFIER = com.makramia.OnTheMap;
				PRODUCT_NAME = "$(TARGET_NAME)";
				SWIFT_VERSION = 4.2;
				TARGETED_DEVICE_FAMILY = "1,2";
			};
			name = Release;
		};
/* End XCBuildConfiguration section */

/* Begin XCConfigurationList section */
		B67F959421B6FEEC00FEA5C9 /* Build configuration list for PBXProject "OnTheMap" */ = {
			isa = XCConfigurationList;
			buildConfigurations = (
				B67F95A921B6FEED00FEA5C9 /* Debug */,
				B67F95AA21B6FEED00FEA5C9 /* Release */,
			);
			defaultConfigurationIsVisible = 0;
			defaultConfigurationName = Release;
		};
		B67F95AB21B6FEED00FEA5C9 /* Build configuration list for PBXNativeTarget "OnTheMap" */ = {
			isa = XCConfigurationList;
			buildConfigurations = (
				B67F95AC21B6FEED00FEA5C9 /* Debug */,
				B67F95AD21B6FEED00FEA5C9 /* Release */,
			);
			defaultConfigurationIsVisible = 0;
			defaultConfigurationName = Release;
		};
/* End XCConfigurationList section */
	};
	rootObject = B67F959121B6FEEC00FEA5C9 /* Project object */;
}
